{"1.1.0",
[{<<"cowboy">>,
  {git,"git://github.com/ninenines/cowboy",
       {ref,"2bcb3902570ee4411dfe526e2662a55751d5c1d9"}},
  0},
 {<<"cowlib">>,
  {git,"https://github.com/ninenines/cowlib",
       {ref,"11e07d3c2b164d06ad35188d83ad70e7501396db"}},
  1},
 {<<"customized_hdr_histogram">>,
  {pkg,<<"customized_hdr_histogram">>,<<"0.3.2">>},
  0},
 {<<"goldrush">>,{pkg,<<"goldrush">>,<<"0.1.9">>},1},
 {<<"jsone">>,{pkg,<<"jsone">>,<<"1.4.4">>},0},
 {<<"lager">>,{pkg,<<"lager">>,<<"3.5.1">>},0},
 {<<"ranch">>,
  {git,"https://github.com/ninenines/ranch",
       {ref,"55c2a9d623454f372a15e99721a37093d8773b48"}},
  1}]}.
[
{pkg_hash,[
 {<<"customized_hdr_histogram">>, <<"14DDAE316FB694455FCC20CBD1AD5F057E421132E562AFB93BD81EDA44BD937D">>},
 {<<"goldrush">>, <<"F06E5D5F1277DA5C413E84D5A2924174182FB108DABB39D5EC548B27424CD106">>},
 {<<"jsone">>, <<"761691A0B1CE0F4C7E8511B09B5F2CD318C00DA5270395637E4E0D5A7F47BC45">>},
 {<<"lager">>, <<"63897A61AF646C59BB928FEE9756CE8BDD02D5A1A2F3551D4A5E38386C2CC071">>}]}
].
