{"1.1.0",
[{<<"cowboy">>,{pkg,<<"cowboy">>,<<"2.6.3">>},0},
 {<<"cowlib">>,{pkg,<<"cowlib">>,<<"2.7.3">>},1},
 {<<"goldrush">>,{pkg,<<"goldrush">>,<<"0.1.9">>},1},
 {<<"hdr_histogram">>,{pkg,<<"hdr_histogram">>,<<"0.3.2">>},0},
 {<<"jsone">>,{pkg,<<"jsone">>,<<"1.4.7">>},0},
 {<<"lager">>,{pkg,<<"lager">>,<<"3.2.4">>},0},
 {<<"ranch">>,{pkg,<<"ranch">>,<<"1.7.1">>},1}]}.
[
{pkg_hash,[
 {<<"cowboy">>, <<"99AA50E94E685557CAD82E704457336A453D4ABCB77839AD22DBE71F311FCC06">>},
 {<<"cowlib">>, <<"A7FFCD0917E6D50B4D5FB28E9E2085A0CEB3C97DEA310505F7460FF5ED764CE9">>},
 {<<"goldrush">>, <<"F06E5D5F1277DA5C413E84D5A2924174182FB108DABB39D5EC548B27424CD106">>},
 {<<"hdr_histogram">>, <<"11F4DB284E254614A2164EEF0BFCAB70F9F053481DB428D65E0ACB4B71DB2E4F">>},
 {<<"jsone">>, <<"A970C23D9700AE7842B526C57677E6E3F10894B429524696EAD547E9302391C0">>},
 {<<"lager">>, <<"A6DEB74DAE7927F46BD13255268308EF03EB206EC784A94EAF7C1C0F3B811615">>},
 {<<"ranch">>, <<"6B1FAB51B49196860B733A49C07604465A47BDB78AA10C1C16A3D199F7F8C881">>}]}
].
